PODS:
  - SDWebImage (5.13.1):
    - SDWebImage/Core (= 5.13.1)
  - SDWebImage/Core (5.13.1)
  - SnapKit (5.6.0)

DEPENDENCIES:
  - SDWebImage
  - SnapKit

SPEC REPOS:
  trunk:
    - SDWebImage
    - SnapKit

SPEC CHECKSUMS:
  SDWebImage: fb26a455eeda4c7a55e4dcb6172dbb258af7a4ca
  SnapKit: e01d52ebb8ddbc333eefe2132acf85c8227d9c25

PODFILE CHECKSUM: f041eb3ec2bb41e7fd1fafcbfc39087f5cf6d85b

COCOAPODS: 1.11.3
